
Microsoft Visual Studio Solution File, Format Version 12.00
# Visual Studio Version 16
VisualStudioVersion = 16.0.29230.47
MinimumVisualStudioVersion = 10.0.40219.1
Project("{FAE04EC0-301F-11D3-BF4B-00C04F79EFBC}") = "bin_calculator", "bin_calculator.csproj", "{A29B0EDC-7346-4DC5-8B2D-16512BAA2BE1}"
EndProject
Global
	GlobalSection(SolutionConfigurationPlatforms) = preSolution
		Debug|Any CPU = Debug|Any CPU
		Release|Any CPU = Release|Any CPU
	EndGlobalSection
	GlobalSection(ProjectConfigurationPlatforms) = postSolution
		{A29B0EDC-7346-4DC5-8B2D-16512BAA2BE1}.Debug|Any CPU.ActiveCfg = Debug|Any CPU
		{A29B0EDC-7346-4DC5-8B2D-16512BAA2BE1}.Debug|Any CPU.Build.0 = Debug|Any CPU
		{A29B0EDC-7346-4DC5-8B2D-16512BAA2BE1}.Release|Any CPU.ActiveCfg = Release|Any CPU
		{A29B0EDC-7346-4DC5-8B2D-16512BAA2BE1}.Release|Any CPU.Build.0 = Release|Any CPU
	EndGlobalSection
	GlobalSection(SolutionProperties) = preSolution
		HideSolutionNode = FALSE
	EndGlobalSection
	GlobalSection(ExtensibilityGlobals) = postSolution
		SolutionGuid = {595234FB-31CD-40AE-AD8C-1A7BDB8B1794}
	EndGlobalSection
EndGlobal
